
Microsoft Visual Studio Solution File, Format Version 12.00
# Visual Studio Version 17
VisualStudioVersion = 17.11.35222.181
MinimumVisualStudioVersion = 10.0.40219.1
Project("{FAE04EC0-301F-11D3-BF4B-00C04F79EFBC}") = "Assignment 2", "Assignment 2\Assignment 2.csproj", "{697C9776-C722-4BC2-8445-113A9DFAB408}"
EndProject
Global
	GlobalSection(SolutionConfigurationPlatforms) = preSolution
		Debug|Any CPU = Debug|Any CPU
		Release|Any CPU = Release|Any CPU
	EndGlobalSection
	GlobalSection(ProjectConfigurationPlatforms) = postSolution
		{697C9776-C722-4BC2-8445-113A9DFAB408}.Debug|Any CPU.ActiveCfg = Debug|Any CPU
		{697C9776-C722-4BC2-8445-113A9DFAB408}.Debug|Any CPU.Build.0 = Debug|Any CPU
		{697C9776-C722-4BC2-8445-113A9DFAB408}.Release|Any CPU.ActiveCfg = Release|Any CPU
		{697C9776-C722-4BC2-8445-113A9DFAB408}.Release|Any CPU.Build.0 = Release|Any CPU
	EndGlobalSection
	GlobalSection(SolutionProperties) = preSolution
		HideSolutionNode = FALSE
	EndGlobalSection
	GlobalSection(ExtensibilityGlobals) = postSolution
		SolutionGuid = {2397654F-6A65-4F24-859E-68248309DBB3}
	EndGlobalSection
EndGlobal
